// !$*UTF8*$!
{
	archiveVersion = 1;
	classes = {
	};
	objectVersion = 48;
	objects = {

/* Begin PBXBuildFile section */
		7502FDEB202D988800EBECFF /* secondViewController.swift in Sources */ = {isa = PBXBuildFile; fileRef = 7502FDEA202D988800EBECFF /* secondViewController.swift */; };
		7FC3BCCD20167C6800D3775E /* AppDelegate.swift in Sources */ = {isa = PBXBuildFile; fileRef = 7FC3BCCC20167C6800D3775E /* AppDelegate.swift */; };
		7FC3BCCF20167C6800D3775E /* ViewController.swift in Sources */ = {isa = PBXBuildFile; fileRef = 7FC3BCCE20167C6800D3775E /* ViewController.swift */; };
		7FC3BCD220167C6800D3775E /* Main.storyboard in Resources */ = {isa = PBXBuildFile; fileRef = 7FC3BCD020167C6800D3775E /* Main.storyboard */; };
		7FC3BCD420167C6800D3775E /* Assets.xcassets in Resources */ = {isa = PBXBuildFile; fileRef = 7FC3BCD320167C6800D3775E /* Assets.xcassets */; };
		7FC3BCD720167C6800D3775E /* LaunchScreen.storyboard in Resources */ = {isa = PBXBuildFile; fileRef = 7FC3BCD520167C6800D3775E /* LaunchScreen.storyboard */; };
		7FC3BCE220167C6800D3775E /* Hackwich2Tests.swift in Sources */ = {isa = PBXBuildFile; fileRef = 7FC3BCE120167C6800D3775E /* Hackwich2Tests.swift */; };
		7FC3BCED20167C6800D3775E /* Hackwich2UITests.swift in Sources */ = {isa = PBXBuildFile; fileRef = 7FC3BCEC20167C6800D3775E /* Hackwich2UITests.swift */; };
/* End PBXBuildFile section */

/* Begin PBXContainerItemProxy section */
		7FC3BCDE20167C6800D3775E /* PBXContainerItemProxy */ = {
			isa = PBXContainerItemProxy;
			containerPortal = 7FC3BCC120167C6800D3775E /* Project object */;
			proxyType = 1;
			remoteGlobalIDString = 7FC3BCC820167C6800D3775E;
			remoteInfo = Hackwich2;
		};
		7FC3BCE920167C6800D3775E /* PBXContainerItemProxy */ = {
			isa = PBXContainerItemProxy;
			containerPortal = 7FC3BCC120167C6800D3775E /* Project object */;
			proxyType = 1;
			remoteGlobalIDString = 7FC3BCC820167C6800D3775E;
			remoteInfo = Hackwich2;
		};
/* End PBXContainerItemProxy section */

/* Begin PBXFileReference section */
		7502FDEA202D988800EBECFF /* secondViewController.swift */ = {isa = PBXFileReference; lastKnownFileType = sourcecode.swift; path = secondViewController.swift; sourceTree = "<group>"; };
		7FC3BCC920167C6800D3775E /* Hackwich2.app */ = {isa = PBXFileReference; explicitFileType = wrapper.application; includeInIndex = 0; path = Hackwich2.app; sourceTree = BUILT_PRODUCTS_DIR; };
		7FC3BCCC20167C6800D3775E /* AppDelegate.swift */ = {isa = PBXFileReference; lastKnownFileType = sourcecode.swift; path = AppDelegate.swift; sourceTree = "<group>"; };
		7FC3BCCE20167C6800D3775E /* ViewController.swift */ = {isa = PBXFileReference; lastKnownFileType = sourcecode.swift; path = ViewController.swift; sourceTree = "<group>"; };
		7FC3BCD120167C6800D3775E /* Base */ = {isa = PBXFileReference; lastKnownFileType = file.storyboard; name = Base; path = Base.lproj/Main.storyboard; sourceTree = "<group>"; };
		7FC3BCD320167C6800D3775E /* Assets.xcassets */ = {isa = PBXFileReference; lastKnownFileType = folder.assetcatalog; path = Assets.xcassets; sourceTree = "<group>"; };
		7FC3BCD620167C6800D3775E /* Base */ = {isa = PBXFileReference; lastKnownFileType = file.storyboard; name = Base; path = Base.lproj/LaunchScreen.storyboard; sourceTree = "<group>"; };
		7FC3BCD820167C6800D3775E /* Info.plist */ = {isa = PBXFileReference; lastKnownFileType = text.plist.xml; path = Info.plist; sourceTree = "<group>"; };
		7FC3BCDD20167C6800D3775E /* Hackwich2Tests.xctest */ = {isa = PBXFileReference; explicitFileType = wrapper.cfbundle; includeInIndex = 0; path = Hackwich2Tests.xctest; sourceTree = BUILT_PRODUCTS_DIR; };
		7FC3BCE120167C6800D3775E /* Hackwich2Tests.swift */ = {isa = PBXFileReference; lastKnownFileType = sourcecode.swift; path = Hackwich2Tests.swift; sourceTree = "<group>"; };
		7FC3BCE320167C6800D3775E /* Info.plist */ = {isa = PBXFileReference; lastKnownFileType = text.plist.xml; path = Info.plist; sourceTree = "<group>"; };
		7FC3BCE820167C6800D3775E /* Hackwich2UITests.xctest */ = {isa = PBXFileReference; explicitFileType = wrapper.cfbundle; includeInIndex = 0; path = Hackwich2UITests.xctest; sourceTree = BUILT_PRODUCTS_DIR; };
		7FC3BCEC20167C6800D3775E /* Hackwich2UITests.swift */ = {isa = PBXFileReference; lastKnownFileType = sourcecode.swift; path = Hackwich2UITests.swift; sourceTree = "<group>"; };
		7FC3BCEE20167C6800D3775E /* Info.plist */ = {isa = PBXFileReference; lastKnownFileType = text.plist.xml; path = Info.plist; sourceTree = "<group>"; };
/* End PBXFileReference section */

/* Begin PBXFrameworksBuildPhase section */
		7FC3BCC620167C6800D3775E /* Frameworks */ = {
			isa = PBXFrameworksBuildPhase;
			buildActionMask = 2147483647;
			files = (
			);
			runOnlyForDeploymentPostprocessing = 0;
		};
		7FC3BCDA20167C6800D3775E /* Frameworks */ = {
			isa = PBXFrameworksBuildPhase;
			buildActionMask = 2147483647;
			files = (
			);
			runOnlyForDeploymentPostprocessing = 0;
		};
		7FC3BCE520167C6800D3775E /* Frameworks */ = {
			isa = PBXFrameworksBuildPhase;
			buildActionMask = 2147483647;
			files = (
			);
			runOnlyForDeploymentPostprocessing = 0;
		};
/* End PBXFrameworksBuildPhase section */

/* Begin PBXGroup section */
		7FC3BCC020167C6800D3775E = {
			isa = PBXGroup;
			children = (
				7FC3BCCB20167C6800D3775E /* Hackwich2 */,
				7FC3BCE020167C6800D3775E /* Hackwich2Tests */,
				7FC3BCEB20167C6800D3775E /* Hackwich2UITests */,
				7FC3BCCA20167C6800D3775E /* Products */,
			);
			sourceTree = "<group>";
		};
		7FC3BCCA20167C6800D3775E /* Products */ = {
			isa = PBXGroup;
			children = (
				7FC3BCC920167C6800D3775E /* Hackwich2.app */,
				7FC3BCDD20167C6800D3775E /* Hackwich2Tests.xctest */,
				7FC3BCE820167C6800D3775E /* Hackwich2UITests.xctest */,
			);
			name = Products;
			sourceTree = "<group>";
		};
		7FC3BCCB20167C6800D3775E /* Hackwich2 */ = {
			isa = PBXGroup;
			children = (
				7FC3BCCC20167C6800D3775E /* AppDelegate.swift */,
				7FC3BCCE20167C6800D3775E /* ViewController.swift */,
				7FC3BCD020167C6800D3775E /* Main.storyboard */,
				7502FDEA202D988800EBECFF /* secondViewController.swift */,
				7FC3BCD320167C6800D3775E /* Assets.xcassets */,
				7FC3BCD520167C6800D3775E /* LaunchScreen.storyboard */,
				7FC3BCD820167C6800D3775E /* Info.plist */,
			);
			path = Hackwich2;
			sourceTree = "<group>";
		};
		7FC3BCE020167C6800D3775E /* Hackwich2Tests */ = {
			isa = PBXGroup;
			children = (
				7FC3BCE120167C6800D3775E /* Hackwich2Tests.swift */,
				7FC3BCE320167C6800D3775E /* Info.plist */,
			);
			path = Hackwich2Tests;
			sourceTree = "<group>";
		};
		7FC3BCEB20167C6800D3775E /* Hackwich2UITests */ = {
			isa = PBXGroup;
			children = (
				7FC3BCEC20167C6800D3775E /* Hackwich2UITests.swift */,
				7FC3BCEE20167C6800D3775E /* Info.plist */,
			);
			path = Hackwich2UITests;
			sourceTree = "<group>";
		};
/* End PBXGroup section */

/* Begin PBXNativeTarget section */
		7FC3BCC820167C6800D3775E /* Hackwich2 */ = {
			isa = PBXNativeTarget;
			buildConfigurationList = 7FC3BCF120167C6800D3775E /* Build configuration list for PBXNativeTarget "Hackwich2" */;
			buildPhases = (
				7FC3BCC520167C6800D3775E /* Sources */,
				7FC3BCC620167C6800D3775E /* Frameworks */,
				7FC3BCC720167C6800D3775E /* Resources */,
			);
			buildRules = (
			);
			dependencies = (
			);
			name = Hackwich2;
			productName = Hackwich2;
			productReference = 7FC3BCC920167C6800D3775E /* Hackwich2.app */;
			productType = "com.apple.product-type.application";
		};
		7FC3BCDC20167C6800D3775E /* Hackwich2Tests */ = {
			isa = PBXNativeTarget;
			buildConfigurationList = 7FC3BCF420167C6800D3775E /* Build configuration list for PBXNativeTarget "Hackwich2Tests" */;
			buildPhases = (
				7FC3BCD920167C6800D3775E /* Sources */,
				7FC3BCDA20167C6800D3775E /* Frameworks */,
				7FC3BCDB20167C6800D3775E /* Resources */,
			);
			buildRules = (
			);
			dependencies = (
				7FC3BCDF20167C6800D3775E /* PBXTargetDependency */,
			);
			name = Hackwich2Tests;
			productName = Hackwich2Tests;
			productReference = 7FC3BCDD20167C6800D3775E /* Hackwich2Tests.xctest */;
			productType = "com.apple.product-type.bundle.unit-test";
		};
		7FC3BCE720167C6800D3775E /* Hackwich2UITests */ = {
			isa = PBXNativeTarget;
			buildConfigurationList = 7FC3BCF720167C6800D3775E /* Build configuration list for PBXNativeTarget "Hackwich2UITests" */;
			buildPhases = (
				7FC3BCE420167C6800D3775E /* Sources */,
				7FC3BCE520167C6800D3775E /* Frameworks */,
				7FC3BCE620167C6800D3775E /* Resources */,
			);
			buildRules = (
			);
			dependencies = (
				7FC3BCEA20167C6800D3775E /* PBXTargetDependency */,
			);
			name = Hackwich2UITests;
			productName = Hackwich2UITests;
			productReference = 7FC3BCE820167C6800D3775E /* Hackwich2UITests.xctest */;
			productType = "com.apple.product-type.bundle.ui-testing";
		};
/* End PBXNativeTarget section */

/* Begin PBXProject section */
		7FC3BCC120167C6800D3775E /* Project object */ = {
			isa = PBXProject;
			attributes = {
				LastSwiftUpdateCheck = 0920;
				LastUpgradeCheck = 0920;
				ORGANIZATIONNAME = UHWO;
				TargetAttributes = {
					7FC3BCC820167C6800D3775E = {
						CreatedOnToolsVersion = 9.2;
						ProvisioningStyle = Automatic;
					};
					7FC3BCDC20167C6800D3775E = {
						CreatedOnToolsVersion = 9.2;
						ProvisioningStyle = Automatic;
						TestTargetID = 7FC3BCC820167C6800D3775E;
					};
					7FC3BCE720167C6800D3775E = {
						CreatedOnToolsVersion = 9.2;
						ProvisioningStyle = Automatic;
						TestTargetID = 7FC3BCC820167C6800D3775E;
					};
				};
			};
			buildConfigurationList = 7FC3BCC420167C6800D3775E /* Build configuration list for PBXProject "Hackwich2" */;
			compatibilityVersion = "Xcode 8.0";
			developmentRegion = en;
			hasScannedForEncodings = 0;
			knownRegions = (
				en,
				Base,
			);
			mainGroup = 7FC3BCC020167C6800D3775E;
			productRefGroup = 7FC3BCCA20167C6800D3775E /* Products */;
			projectDirPath = "";
			projectRoot = "";
			targets = (
				7FC3BCC820167C6800D3775E /* Hackwich2 */,
				7FC3BCDC20167C6800D3775E /* Hackwich2Tests */,
				7FC3BCE720167C6800D3775E /* Hackwich2UITests */,
			);
		};
/* End PBXProject section */

/* Begin PBXResourcesBuildPhase section */
		7FC3BCC720167C6800D3775E /* Resources */ = {
			isa = PBXResourcesBuildPhase;
			buildActionMask = 2147483647;
			files = (
				7FC3BCD720167C6800D3775E /* LaunchScreen.storyboard in Resources */,
				7FC3BCD420167C6800D3775E /* Assets.xcassets in Resources */,
				7FC3BCD220167C6800D3775E /* Main.storyboard in Resources */,
			);
			runOnlyForDeploymentPostprocessing = 0;
		};
		7FC3BCDB20167C6800D3775E /* Resources */ = {
			isa = PBXResourcesBuildPhase;
			buildActionMask = 2147483647;
			files = (
			);
			runOnlyForDeploymentPostprocessing = 0;
		};
		7FC3BCE620167C6800D3775E /* Resources */ = {
			isa = PBXResourcesBuildPhase;
			buildActionMask = 2147483647;
			files = (
			);
			runOnlyForDeploymentPostprocessing = 0;
		};
/* End PBXResourcesBuildPhase section */

/* Begin PBXSourcesBuildPhase section */
		7FC3BCC520167C6800D3775E /* Sources */ = {
			isa = PBXSourcesBuildPhase;
			buildActionMask = 2147483647;
			files = (
				7FC3BCCF20167C6800D3775E /* ViewController.swift in Sources */,
				7502FDEB202D988800EBECFF /* secondViewController.swift in Sources */,
				7FC3BCCD20167C6800D3775E /* AppDelegate.swift in Sources */,
			);
			runOnlyForDeploymentPostprocessing = 0;
		};
		7FC3BCD920167C6800D3775E /* Sources */ = {
			isa = PBXSourcesBuildPhase;
			buildActionMask = 2147483647;
			files = (
				7FC3BCE220167C6800D3775E /* Hackwich2Tests.swift in Sources */,
			);
			runOnlyForDeploymentPostprocessing = 0;
		};
		7FC3BCE420167C6800D3775E /* Sources */ = {
			isa = PBXSourcesBuildPhase;
			buildActionMask = 2147483647;
			files = (
				7FC3BCED20167C6800D3775E /* Hackwich2UITests.swift in Sources */,
			);
			runOnlyForDeploymentPostprocessing = 0;
		};
/* End PBXSourcesBuildPhase section */

/* Begin PBXTargetDependency section */
		7FC3BCDF20167C6800D3775E /* PBXTargetDependency */ = {
			isa = PBXTargetDependency;
			target = 7FC3BCC820167C6800D3775E /* Hackwich2 */;
			targetProxy = 7FC3BCDE20167C6800D3775E /* PBXContainerItemProxy */;
		};
		7FC3BCEA20167C6800D3775E /* PBXTargetDependency */ = {
			isa = PBXTargetDependency;
			target = 7FC3BCC820167C6800D3775E /* Hackwich2 */;
			targetProxy = 7FC3BCE920167C6800D3775E /* PBXContainerItemProxy */;
		};
/* End PBXTargetDependency section */

/* Begin PBXVariantGroup section */
		7FC3BCD020167C6800D3775E /* Main.storyboard */ = {
			isa = PBXVariantGroup;
			children = (
				7FC3BCD120167C6800D3775E /* Base */,
			);
			name = Main.storyboard;
			sourceTree = "<group>";
		};
		7FC3BCD520167C6800D3775E /* LaunchScreen.storyboard */ = {
			isa = PBXVariantGroup;
			children = (
				7FC3BCD620167C6800D3775E /* Base */,
			);
			name = LaunchScreen.storyboard;
			sourceTree = "<group>";
		};
/* End PBXVariantGroup section */

/* Begin XCBuildConfiguration section */
		7FC3BCEF20167C6800D3775E /* Debug */ = {
			isa = XCBuildConfiguration;
			buildSettings = {
				ALWAYS_SEARCH_USER_PATHS = NO;
				CLANG_ANALYZER_NONNULL = YES;
				CLANG_ANALYZER_NUMBER_OBJECT_CONVERSION = YES_AGGRESSIVE;
				CLANG_CXX_LANGUAGE_STANDARD = "gnu++14";
				CLANG_CXX_LIBRARY = "libc++";
				CLANG_ENABLE_MODULES = YES;
				CLANG_ENABLE_OBJC_ARC = YES;
				CLANG_WARN_BLOCK_CAPTURE_AUTORELEASING = YES;
				CLANG_WARN_BOOL_CONVERSION = YES;
				CLANG_WARN_COMMA = YES;
				CLANG_WARN_CONSTANT_CONVERSION = YES;
				CLANG_WARN_DIRECT_OBJC_ISA_USAGE = YES_ERROR;
				CLANG_WARN_DOCUMENTATION_COMMENTS = YES;
				CLANG_WARN_EMPTY_BODY = YES;
				CLANG_WARN_ENUM_CONVERSION = YES;
				CLANG_WARN_INFINITE_RECURSION = YES;
				CLANG_WARN_INT_CONVERSION = YES;
				CLANG_WARN_NON_LITERAL_NULL_CONVERSION = YES;
				CLANG_WARN_OBJC_LITERAL_CONVERSION = YES;
				CLANG_WARN_OBJC_ROOT_CLASS = YES_ERROR;
				CLANG_WARN_RANGE_LOOP_ANALYSIS = YES;
				CLANG_WARN_STRICT_PROTOTYPES = YES;
				CLANG_WARN_SUSPICIOUS_MOVE = YES;
				CLANG_WARN_UNGUARDED_AVAILABILITY = YES_AGGRESSIVE;
				CLANG_WARN_UNREACHABLE_CODE = YES;
				CLANG_WARN__DUPLICATE_METHOD_MATCH = YES;
				CODE_SIGN_IDENTITY = "iPhone Developer";
				COPY_PHASE_STRIP = NO;
				DEBUG_INFORMATION_FORMAT = dwarf;
				ENABLE_STRICT_OBJC_MSGSEND = YES;
				ENABLE_TESTABILITY = YES;
				GCC_C_LANGUAGE_STANDARD = gnu11;
				GCC_DYNAMIC_NO_PIC = NO;
				GCC_NO_COMMON_BLOCKS = YES;
				GCC_OPTIMIZATION_LEVEL = 0;
				GCC_PREPROCESSOR_DEFINITIONS = (
					"DEBUG=1",
					"$(inherited)",
				);
				GCC_WARN_64_TO_32_BIT_CONVERSION = YES;
				GCC_WARN_ABOUT_RETURN_TYPE = YES_ERROR;
				GCC_WARN_UNDECLARED_SELECTOR = YES;
				GCC_WARN_UNINITIALIZED_AUTOS = YES_AGGRESSIVE;
				GCC_WARN_UNUSED_FUNCTION = YES;
				GCC_WARN_UNUSED_VARIABLE = YES;
				IPHONEOS_DEPLOYMENT_TARGET = 11.2;
				MTL_ENABLE_DEBUG_INFO = YES;
				ONLY_ACTIVE_ARCH = YES;
				SDKROOT = iphoneos;
				SWIFT_ACTIVE_COMPILATION_CONDITIONS = DEBUG;
				SWIFT_OPTIMIZATION_LEVEL = "-Onone";
			};
			name = Debug;
		};
		7FC3BCF020167C6800D3775E /* Release */ = {
			isa = XCBuildConfiguration;
			buildSettings = {
				ALWAYS_SEARCH_USER_PATHS = NO;
				CLANG_ANALYZER_NONNULL = YES;
				CLANG_ANALYZER_NUMBER_OBJECT_CONVERSION = YES_AGGRESSIVE;
				CLANG_CXX_LANGUAGE_STANDARD = "gnu++14";
				CLANG_CXX_LIBRARY = "libc++";
				CLANG_ENABLE_MODULES = YES;
				CLANG_ENABLE_OBJC_ARC = YES;
				CLANG_WARN_BLOCK_CAPTURE_AUTORELEASING = YES;
				CLANG_WARN_BOOL_CONVERSION = YES;
				CLANG_WARN_COMMA = YES;
				CLANG_WARN_CONSTANT_CONVERSION = YES;
				CLANG_WARN_DIRECT_OBJC_ISA_USAGE = YES_ERROR;
				CLANG_WARN_DOCUMENTATION_COMMENTS = YES;
				CLANG_WARN_EMPTY_BODY = YES;
				CLANG_WARN_ENUM_CONVERSION = YES;
				CLANG_WARN_INFINITE_RECURSION = YES;
				CLANG_WARN_INT_CONVERSION = YES;
				CLANG_WARN_NON_LITERAL_NULL_CONVERSION = YES;
				CLANG_WARN_OBJC_LITERAL_CONVERSION = YES;
				CLANG_WARN_OBJC_ROOT_CLASS = YES_ERROR;
				CLANG_WARN_RANGE_LOOP_ANALYSIS = YES;
				CLANG_WARN_STRICT_PROTOTYPES = YES;
				CLANG_WARN_SUSPICIOUS_MOVE = YES;
				CLANG_WARN_UNGUARDED_AVAILABILITY = YES_AGGRESSIVE;
				CLANG_WARN_UNREACHABLE_CODE = YES;
				CLANG_WARN__DUPLICATE_METHOD_MATCH = YES;
				CODE_SIGN_IDENTITY = "iPhone Developer";
				COPY_PHASE_STRIP = NO;
				DEBUG_INFORMATION_FORMAT = "dwarf-with-dsym";
				ENABLE_NS_ASSERTIONS = NO;
				ENABLE_STRICT_OBJC_MSGSEND = YES;
				GCC_C_LANGUAGE_STANDARD = gnu11;
				GCC_NO_COMMON_BLOCKS = YES;
				GCC_WARN_64_TO_32_BIT_CONVERSION = YES;
				GCC_WARN_ABOUT_RETURN_TYPE = YES_ERROR;
				GCC_WARN_UNDECLARED_SELECTOR = YES;
				GCC_WARN_UNINITIALIZED_AUTOS = YES_AGGRESSIVE;
				GCC_WARN_UNUSED_FUNCTION = YES;
				GCC_WARN_UNUSED_VARIABLE = YES;
				IPHONEOS_DEPLOYMENT_TARGET = 11.2;
				MTL_ENABLE_DEBUG_INFO = NO;
				SDKROOT = iphoneos;
				SWIFT_OPTIMIZATION_LEVEL = "-Owholemodule";
				VALIDATE_PRODUCT = YES;
			};
			name = Release;
		};
		7FC3BCF220167C6800D3775E /* Debug */ = {
			isa = XCBuildConfiguration;
			buildSettings = {
				ASSETCATALOG_COMPILER_APPICON_NAME = AppIcon;
				CODE_SIGN_STYLE = Automatic;
				INFOPLIST_FILE = Hackwich2/Info.plist;
				LD_RUNPATH_SEARCH_PATHS = "$(inherited) @executable_path/Frameworks";
				PRODUCT_BUNDLE_IDENTIFIER = UHWO.Hackwich2;
				PRODUCT_NAME = "$(TARGET_NAME)";
				SWIFT_VERSION = 4.0;
				TARGETED_DEVICE_FAMILY = "1,2";
			};
			name = Debug;
		};
		7FC3BCF320167C6800D3775E /* Release */ = {
			isa = XCBuildConfiguration;
			buildSettings = {
				ASSETCATALOG_COMPILER_APPICON_NAME = AppIcon;
				CODE_SIGN_STYLE = Automatic;
				INFOPLIST_FILE = Hackwich2/Info.plist;
				LD_RUNPATH_SEARCH_PATHS = "$(inherited) @executable_path/Frameworks";
				PRODUCT_BUNDLE_IDENTIFIER = UHWO.Hackwich2;
				PRODUCT_NAME = "$(TARGET_NAME)";
				SWIFT_VERSION = 4.0;
				TARGETED_DEVICE_FAMILY = "1,2";
			};
			name = Release;
		};
		7FC3BCF520167C6800D3775E /* Debug */ = {
			isa = XCBuildConfiguration;
			buildSettings = {
				ALWAYS_EMBED_SWIFT_STANDARD_LIBRARIES = YES;
				BUNDLE_LOADER = "$(TEST_HOST)";
				CODE_SIGN_STYLE = Automatic;
				INFOPLIST_FILE = Hackwich2Tests/Info.plist;
				LD_RUNPATH_SEARCH_PATHS = "$(inherited) @executable_path/Frameworks @loader_path/Frameworks";
				PRODUCT_BUNDLE_IDENTIFIER = UHWO.Hackwich2Tests;
				PRODUCT_NAME = "$(TARGET_NAME)";
				SWIFT_VERSION = 4.0;
				TARGETED_DEVICE_FAMILY = "1,2";
				TEST_HOST = "$(BUILT_PRODUCTS_DIR)/Hackwich2.app/Hackwich2";
			};
			name = Debug;
		};
		7FC3BCF620167C6800D3775E /* Release */ = {
			isa = XCBuildConfiguration;
			buildSettings = {
				ALWAYS_EMBED_SWIFT_STANDARD_LIBRARIES = YES;
				BUNDLE_LOADER = "$(TEST_HOST)";
				CODE_SIGN_STYLE = Automatic;
				INFOPLIST_FILE = Hackwich2Tests/Info.plist;
				LD_RUNPATH_SEARCH_PATHS = "$(inherited) @executable_path/Frameworks @loader_path/Frameworks";
				PRODUCT_BUNDLE_IDENTIFIER = UHWO.Hackwich2Tests;
				PRODUCT_NAME = "$(TARGET_NAME)";
				SWIFT_VERSION = 4.0;
				TARGETED_DEVICE_FAMILY = "1,2";
				TEST_HOST = "$(BUILT_PRODUCTS_DIR)/Hackwich2.app/Hackwich2";
			};
			name = Release;
		};
		7FC3BCF820167C6800D3775E /* Debug */ = {
			isa = XCBuildConfiguration;
			buildSettings = {
				ALWAYS_EMBED_SWIFT_STANDARD_LIBRARIES = YES;
				CODE_SIGN_STYLE = Automatic;
				INFOPLIST_FILE = Hackwich2UITests/Info.plist;
				LD_RUNPATH_SEARCH_PATHS = "$(inherited) @executable_path/Frameworks @loader_path/Frameworks";
				PRODUCT_BUNDLE_IDENTIFIER = UHWO.Hackwich2UITests;
				PRODUCT_NAME = "$(TARGET_NAME)";
				SWIFT_VERSION = 4.0;
				TARGETED_DEVICE_FAMILY = "1,2";
				TEST_TARGET_NAME = Hackwich2;
			};
			name = Debug;
		};
		7FC3BCF920167C6800D3775E /* Release */ = {
			isa = XCBuildConfiguration;
			buildSettings = {
				ALWAYS_EMBED_SWIFT_STANDARD_LIBRARIES = YES;
				CODE_SIGN_STYLE = Automatic;
				INFOPLIST_FILE = Hackwich2UITests/Info.plist;
				LD_RUNPATH_SEARCH_PATHS = "$(inherited) @executable_path/Frameworks @loader_path/Frameworks";
				PRODUCT_BUNDLE_IDENTIFIER = UHWO.Hackwich2UITests;
				PRODUCT_NAME = "$(TARGET_NAME)";
				SWIFT_VERSION = 4.0;
				TARGETED_DEVICE_FAMILY = "1,2";
				TEST_TARGET_NAME = Hackwich2;
			};
			name = Release;
		};
/* End XCBuildConfiguration section */

/* Begin XCConfigurationList section */
		7FC3BCC420167C6800D3775E /* Build configuration list for PBXProject "Hackwich2" */ = {
			isa = XCConfigurationList;
			buildConfigurations = (
				7FC3BCEF20167C6800D3775E /* Debug */,
				7FC3BCF020167C6800D3775E /* Release */,
			);
			defaultConfigurationIsVisible = 0;
			defaultConfigurationName = Release;
		};
		7FC3BCF120167C6800D3775E /* Build configuration list for PBXNativeTarget "Hackwich2" */ = {
			isa = XCConfigurationList;
			buildConfigurations = (
				7FC3BCF220167C6800D3775E /* Debug */,
				7FC3BCF320167C6800D3775E /* Release */,
			);
			defaultConfigurationIsVisible = 0;
			defaultConfigurationName = Release;
		};
		7FC3BCF420167C6800D3775E /* Build configuration list for PBXNativeTarget "Hackwich2Tests" */ = {
			isa = XCConfigurationList;
			buildConfigurations = (
				7FC3BCF520167C6800D3775E /* Debug */,
				7FC3BCF620167C6800D3775E /* Release */,
			);
			defaultConfigurationIsVisible = 0;
			defaultConfigurationName = Release;
		};
		7FC3BCF720167C6800D3775E /* Build configuration list for PBXNativeTarget "Hackwich2UITests" */ = {
			isa = XCConfigurationList;
			buildConfigurations = (
				7FC3BCF820167C6800D3775E /* Debug */,
				7FC3BCF920167C6800D3775E /* Release */,
			);
			defaultConfigurationIsVisible = 0;
			defaultConfigurationName = Release;
		};
/* End XCConfigurationList section */
	};
	rootObject = 7FC3BCC120167C6800D3775E /* Project object */;
}
